// !$*UTF8*$!
{
	archiveVersion = 1;
	classes = {
	};
	objectVersion = 46;
	objects = {

/* Begin PBXFileReference section */
		522325841448C43D00A94C60 /* librevolution.dylib */ = {isa = PBXFileReference; explicitFileType = "compiled.mach-o.dylib"; includeInIndex = 0; path = librevolution.dylib; sourceTree = BUILT_PRODUCTS_DIR; };
/* End PBXFileReference section */

/* Begin PBXFrameworksBuildPhase section */
		522325811448C43D00A94C60 /* Frameworks */ = {
			isa = PBXFrameworksBuildPhase;
			buildActionMask = 2147483647;
			files = (
			);
			runOnlyForDeploymentPostprocessing = 0;
		};
/* End PBXFrameworksBuildPhase section */

/* Begin PBXGroup section */
		522325791448C43D00A94C60 = {
			isa = PBXGroup;
			children = (
				522325851448C43D00A94C60 /* Products */,
			);
			sourceTree = "<group>";
		};
		522325851448C43D00A94C60 /* Products */ = {
			isa = PBXGroup;
			children = (
				522325841448C43D00A94C60 /* librevolution.dylib */,
			);
			name = Products;
			sourceTree = "<group>";
		};
/* End PBXGroup section */

/* Begin PBXHeadersBuildPhase section */
		522325821448C43D00A94C60 /* Headers */ = {
			isa = PBXHeadersBuildPhase;
			buildActionMask = 2147483647;
			files = (
			);
			runOnlyForDeploymentPostprocessing = 0;
		};
/* End PBXHeadersBuildPhase section */

/* Begin PBXNativeTarget section */
		522325831448C43D00A94C60 /* revolution */ = {
			isa = PBXNativeTarget;
			buildConfigurationList = 522325881448C43D00A94C60 /* Build configuration list for PBXNativeTarget "revolution" */;
			buildPhases = (
				522325801448C43D00A94C60 /* Sources */,
				522325811448C43D00A94C60 /* Frameworks */,
				522325821448C43D00A94C60 /* Headers */,
			);
			buildRules = (
			);
			dependencies = (
			);
			name = revolution;
			productName = revolution;
			productReference = 522325841448C43D00A94C60 /* librevolution.dylib */;
			productType = "com.apple.product-type.library.dynamic";
		};
/* End PBXNativeTarget section */

/* Begin PBXProject section */
		5223257B1448C43D00A94C60 /* Project object */ = {
			isa = PBXProject;
			attributes = {
				ORGANIZATIONNAME = " n/a";
			};
			buildConfigurationList = 5223257E1448C43D00A94C60 /* Build configuration list for PBXProject "revolution" */;
			compatibilityVersion = "Xcode 3.2";
			developmentRegion = English;
			hasScannedForEncodings = 0;
			knownRegions = (
				en,
			);
			mainGroup = 522325791448C43D00A94C60;
			productRefGroup = 522325851448C43D00A94C60 /* Products */;
			projectDirPath = "";
			projectRoot = "";
			targets = (
				522325831448C43D00A94C60 /* revolution */,
			);
		};
/* End PBXProject section */

/* Begin PBXSourcesBuildPhase section */
		522325801448C43D00A94C60 /* Sources */ = {
			isa = PBXSourcesBuildPhase;
			buildActionMask = 2147483647;
			files = (
			);
			runOnlyForDeploymentPostprocessing = 0;
		};
/* End PBXSourcesBuildPhase section */

/* Begin XCBuildConfiguration section */
		522325861448C43D00A94C60 /* Debug */ = {
			isa = XCBuildConfiguration;
			buildSettings = {
				ALWAYS_SEARCH_USER_PATHS = NO;
				ARCHS = "$(ARCHS_STANDARD_64_BIT)";
				COPY_PHASE_STRIP = NO;
				GCC_C_LANGUAGE_STANDARD = gnu99;
				GCC_DYNAMIC_NO_PIC = NO;
				GCC_ENABLE_OBJC_EXCEPTIONS = YES;
				GCC_OPTIMIZATION_LEVEL = 0;
				GCC_PREPROCESSOR_DEFINITIONS = (
					"DEBUG=1",
					"$(inherited)",
				);
				GCC_SYMBOLS_PRIVATE_EXTERN = NO;
				GCC_VERSION = com.apple.compilers.llvm.clang.1_0;
				GCC_WARN_64_TO_32_BIT_CONVERSION = YES;
				GCC_WARN_ABOUT_MISSING_PROTOTYPES = YES;
				GCC_WARN_ABOUT_RETURN_TYPE = YES;
				GCC_WARN_UNUSED_VARIABLE = YES;
				MACOSX_DEPLOYMENT_TARGET = 10.7;
				ONLY_ACTIVE_ARCH = YES;
				SDKROOT = macosx;
			};
			name = Debug;
		};
		522325871448C43D00A94C60 /* Release */ = {
			isa = XCBuildConfiguration;
			buildSettings = {
				ALWAYS_SEARCH_USER_PATHS = NO;
				ARCHS = "$(ARCHS_STANDARD_64_BIT)";
				COPY_PHASE_STRIP = YES;
				DEBUG_INFORMATION_FORMAT = "dwarf-with-dsym";
				GCC_C_LANGUAGE_STANDARD = gnu99;
				GCC_ENABLE_OBJC_EXCEPTIONS = YES;
				GCC_VERSION = com.apple.compilers.llvm.clang.1_0;
				GCC_WARN_64_TO_32_BIT_CONVERSION = YES;
				GCC_WARN_ABOUT_MISSING_PROTOTYPES = YES;
				GCC_WARN_ABOUT_RETURN_TYPE = YES;
				GCC_WARN_UNUSED_VARIABLE = YES;
				MACOSX_DEPLOYMENT_TARGET = 10.7;
				SDKROOT = macosx;
			};
			name = Release;
		};
		522325891448C43D00A94C60 /* Debug */ = {
			isa = XCBuildConfiguration;
			buildSettings = {
				EXECUTABLE_PREFIX = lib;
				PRODUCT_NAME = "$(TARGET_NAME)";
			};
			name = Debug;
		};
		5223258A1448C43D00A94C60 /* Release */ = {
			isa = XCBuildConfiguration;
			buildSettings = {
				EXECUTABLE_PREFIX = lib;
				PRODUCT_NAME = "$(TARGET_NAME)";
			};
			name = Release;
		};
/* End XCBuildConfiguration section */

/* Begin XCConfigurationList section */
		5223257E1448C43D00A94C60 /* Build configuration list for PBXProject "revolution" */ = {
			isa = XCConfigurationList;
			buildConfigurations = (
				522325861448C43D00A94C60 /* Debug */,
				522325871448C43D00A94C60 /* Release */,
			);
			defaultConfigurationIsVisible = 0;
			defaultConfigurationName = Release;
		};
		522325881448C43D00A94C60 /* Build configuration list for PBXNativeTarget "revolution" */ = {
			isa = XCConfigurationList;
			buildConfigurations = (
				522325891448C43D00A94C60 /* Debug */,
				5223258A1448C43D00A94C60 /* Release */,
			);
			defaultConfigurationIsVisible = 0;
		};
/* End XCConfigurationList section */
	};
	rootObject = 5223257B1448C43D00A94C60 /* Project object */;
}
